
Microsoft Visual Studio Solution File, Format Version 12.00
# Visual Studio Express 2013 for Windows Desktop
VisualStudioVersion = 12.0.40629.0
MinimumVisualStudioVersion = 10.0.40219.1
Project("{FAE04EC0-301F-11D3-BF4B-00C04F79EFBC}") = "2012107646-CON", "2012107646-CON\2012107646-CON.csproj", "{61A917D0-BC09-4829-90A1-3479B364089A}"
EndProject
Project("{FAE04EC0-301F-11D3-BF4B-00C04F79EFBC}") = "2012107646-ENT", "2012107646-ENT\2012107646-ENT.csproj", "{7A31EF67-6F49-469E-8A59-645D5FEF5F48}"
EndProject
Project("{FAE04EC0-301F-11D3-BF4B-00C04F79EFBC}") = "2012107646-PER", "2012107646-PER\2012107646-PER.csproj", "{9BABA94D-CFFF-44D9-8845-334DB07B1E8C}"
EndProject
Global
	GlobalSection(SolutionConfigurationPlatforms) = preSolution
		Debug|Any CPU = Debug|Any CPU
		Release|Any CPU = Release|Any CPU
	EndGlobalSection
	GlobalSection(ProjectConfigurationPlatforms) = postSolution
		{61A917D0-BC09-4829-90A1-3479B364089A}.Debug|Any CPU.ActiveCfg = Debug|Any CPU
		{61A917D0-BC09-4829-90A1-3479B364089A}.Debug|Any CPU.Build.0 = Debug|Any CPU
		{61A917D0-BC09-4829-90A1-3479B364089A}.Release|Any CPU.ActiveCfg = Release|Any CPU
		{61A917D0-BC09-4829-90A1-3479B364089A}.Release|Any CPU.Build.0 = Release|Any CPU
		{7A31EF67-6F49-469E-8A59-645D5FEF5F48}.Debug|Any CPU.ActiveCfg = Debug|Any CPU
		{7A31EF67-6F49-469E-8A59-645D5FEF5F48}.Debug|Any CPU.Build.0 = Debug|Any CPU
		{7A31EF67-6F49-469E-8A59-645D5FEF5F48}.Release|Any CPU.ActiveCfg = Release|Any CPU
		{7A31EF67-6F49-469E-8A59-645D5FEF5F48}.Release|Any CPU.Build.0 = Release|Any CPU
		{9BABA94D-CFFF-44D9-8845-334DB07B1E8C}.Debug|Any CPU.ActiveCfg = Debug|Any CPU
		{9BABA94D-CFFF-44D9-8845-334DB07B1E8C}.Debug|Any CPU.Build.0 = Debug|Any CPU
		{9BABA94D-CFFF-44D9-8845-334DB07B1E8C}.Release|Any CPU.ActiveCfg = Release|Any CPU
		{9BABA94D-CFFF-44D9-8845-334DB07B1E8C}.Release|Any CPU.Build.0 = Release|Any CPU
	EndGlobalSection
	GlobalSection(SolutionProperties) = preSolution
		HideSolutionNode = FALSE
	EndGlobalSection
EndGlobal
